# THIS IS AN AUTOGENERATED FILE. DO NOT EDIT THIS FILE DIRECTLY.
# yarn lockfile v1


crypto-js@^3.1.9-1:
  version "3.1.9-1"
  resolved "https://registry.yarnpkg.com/crypto-js/-/crypto-js-3.1.9-1.tgz#fda19e761fc077e01ffbfdc6e9fdfc59e8806cd8"
  integrity sha1-/aGedh/Ad+Af+/3G6f38WeiAbNg=

deepmerge@^1.3.1:
  version "1.5.2"
  resolved "https://registry.yarnpkg.com/deepmerge/-/deepmerge-1.5.2.tgz#10499d868844cdad4fee0842df8c7f6f0c95a753"
  integrity sha512-95k0GDqvBjZavkuvzx/YqVLv/6YYa17fz6ILMSf7neqQITCPbnfEnQvEgMPNjH4kgobe7+WIL0yJEHku+H3qtQ==

"js-tokens@^3.0.0 || ^4.0.0":
  version "4.0.0"
  resolved "https://registry.yarnpkg.com/js-tokens/-/js-tokens-4.0.0.tgz#19203fb59991df98e3a287050d4647cdeaf32499"
  integrity sha512-RdJUflcE3cUzKiMqQgsCu06FPu9UdIJO0beYbPhHN4k6apgJtifcoCtT9bcxOpYBtpD2kCM6Sbzg4CausW/PKQ==

lodash@^4.17.4:
  version "4.17.15"
  resolved "https://registry.yarnpkg.com/lodash/-/lodash-4.17.15.tgz#b447f6670a0455bbfeedd11392eff330ea097548"
  integrity sha512-8xOcRHvCjnocdS5cpwXQXVzmmh5e5+saE2QGoeQmbKmRS6J3VQppPOIt0MnmE+4xlZoumy0GPG0D0MVIQbNA1A==

loose-envify@^1.4.0:
  version "1.4.0"
  resolved "https://registry.yarnpkg.com/loose-envify/-/loose-envify-1.4.0.tgz#71ee51fa7be4caec1a63839f7e682d8132d30caf"
  integrity sha512-lyuxPGr/Wfhrlem2CL/UcnUc1zcqKAImBDzukY7Y5F/yQiNdko6+fRLevlw1HgMySw7f611UIY408EtxRSoK3Q==
  dependencies:
    js-tokens "^3.0.0 || ^4.0.0"

mock-async-storage@^1.0.3:
  version "1.0.3"
  resolved "https://registry.yarnpkg.com/mock-async-storage/-/mock-async-storage-1.0.3.tgz#e097e255af27d0276deba3d7a5022d6f47440b96"
  integrity sha1-4JfiVa8n0Cdt66PXpQItb0dEC5Y=
  dependencies:
    deepmerge "^1.3.1"

my-rn-cached-image@^1.4.5:
  version "1.4.5"
  resolved "https://registry.yarnpkg.com/my-rn-cached-image/-/my-rn-cached-image-1.4.5.tgz#9c5bd9cb7696c22bf6d78596a4df7491a2c92447"
  integrity sha512-mFCgGHMD+isPaJQbkJLQ1T6A9SDMx52f5jTf/AMgcXdiH4J4JlFKxGy0/5G7nLW/jPb7x03Z9251emdYKTuN/w==
  dependencies:
    crypto-js "^3.1.9-1"
    lodash "^4.17.4"
    prop-types "^15.5.10"
    react-native-clcasher "^1.0.0"
    url-parse "^1.1.9"

object-assign@^4.1.1:
  version "4.1.1"
  resolved "https://registry.yarnpkg.com/object-assign/-/object-assign-4.1.1.tgz#2109adc7965887cfc05cbbd442cac8bfbb360863"
  integrity sha1-IQmtx5ZYh8/AXLvUQsrIv7s2CGM=

prop-types@^15.5.10:
  version "15.7.2"
  resolved "https://registry.yarnpkg.com/prop-types/-/prop-types-15.7.2.tgz#52c41e75b8c87e72b9d9360e0206b99dcbffa6c5"
  integrity sha512-8QQikdH7//R2vurIJSutZ1smHYTcLpRWEOlHnzcWHmBYrOGUysKwSsrC89BCiFj3CbrfJ/nXFdJepOVrY1GCHQ==
  dependencies:
    loose-envify "^1.4.0"
    object-assign "^4.1.1"
    react-is "^16.8.1"

querystringify@^2.1.1:
  version "2.1.1"
  resolved "https://registry.yarnpkg.com/querystringify/-/querystringify-2.1.1.tgz#60e5a5fd64a7f8bfa4d2ab2ed6fdf4c85bad154e"
  integrity sha512-w7fLxIRCRT7U8Qu53jQnJyPkYZIaR4n5151KMfcJlO/A9397Wxb1amJvROTK6TOnp7PfoAmg/qXiNHI+08jRfA==

react-is@^16.8.1:
  version "16.10.2"
  resolved "https://registry.yarnpkg.com/react-is/-/react-is-16.10.2.tgz#984120fd4d16800e9a738208ab1fba422d23b5ab"
  integrity sha512-INBT1QEgtcCCgvccr5/86CfD71fw9EPmDxgiJX4I2Ddr6ZsV6iFXsuby+qWJPtmNuMY0zByTsG4468P7nHuNWA==

react-native-clcasher@^1.0.0:
  version "1.0.0"
  resolved "https://registry.yarnpkg.com/react-native-clcasher/-/react-native-clcasher-1.0.0.tgz#1f77fb1a4abc6a0337ef19c991e04f19af6d2789"
  integrity sha1-H3f7Gkq8agM37xnJkeBPGa9tJ4k=
  dependencies:
    mock-async-storage "^1.0.3"

react-native-image-pan-zoom@^2.1.11:
  version "2.1.11"
  resolved "https://registry.yarnpkg.com/react-native-image-pan-zoom/-/react-native-image-pan-zoom-2.1.11.tgz#61bcb69219d95e76a9797d23e4a2e8e0bd654ae9"
  integrity sha512-ZCisGUFpPchHXsjT7ZI0anlSLPgcTmjRKXqpVnPu3RDWFXfKjuL4zpY57DX4Y8YgGZCpbf9fApN7KjVYody2Mw==

requires-port@^1.0.0:
  version "1.0.0"
  resolved "https://registry.yarnpkg.com/requires-port/-/requires-port-1.0.0.tgz#925d2601d39ac485e091cf0da5c6e694dc3dcaff"
  integrity sha1-kl0mAdOaxIXgkc8NpcbmlNw9yv8=

url-parse@^1.1.9:
  version "1.4.7"
  resolved "https://registry.yarnpkg.com/url-parse/-/url-parse-1.4.7.tgz#a8a83535e8c00a316e403a5db4ac1b9b853ae278"
  integrity sha512-d3uaVyzDB9tQoSXFvuSUNFibTd9zxd2bkVrDRvF5TmvWWQwqE4lgYJ5m+x1DbecWkw+LK4RNl2CU1hHuOKPVlg==
  dependencies:
    querystringify "^2.1.1"
    requires-port "^1.0.0"
